
Microsoft Visual Studio Solution File, Format Version 12.00
# Visual Studio Version 17
VisualStudioVersion = 17.5.33516.290
MinimumVisualStudioVersion = 10.0.40219.1
Project("{FAE04EC0-301F-11D3-BF4B-00C04F79EFBC}") = "AppCore", "AppCore\AppCore.csproj", "{3F3FE01E-AB86-48D2-B998-0A344443C7E9}"
EndProject
Project("{FAE04EC0-301F-11D3-BF4B-00C04F79EFBC}") = "Store.DAL", "Store.DAL\Store.DAL.csproj", "{4E2DB876-FB8B-4C0D-808E-A2569958D15F}"
EndProject
Project("{FAE04EC0-301F-11D3-BF4B-00C04F79EFBC}") = "Store.Business", "Store.Business\Store.Business.csproj", "{AE0B541B-F82D-4BAE-8173-F328B1CBC144}"
EndProject
Project("{FAE04EC0-301F-11D3-BF4B-00C04F79EFBC}") = "Store.WebAPI", "Store.WebAPI\Store.WebAPI.csproj", "{8F23F85F-6785-4762-871F-A1C5D6155FDE}"
EndProject
Global
	GlobalSection(SolutionConfigurationPlatforms) = preSolution
		Debug|Any CPU = Debug|Any CPU
		Release|Any CPU = Release|Any CPU
	EndGlobalSection
	GlobalSection(ProjectConfigurationPlatforms) = postSolution
		{3F3FE01E-AB86-48D2-B998-0A344443C7E9}.Debug|Any CPU.ActiveCfg = Debug|Any CPU
		{3F3FE01E-AB86-48D2-B998-0A344443C7E9}.Debug|Any CPU.Build.0 = Debug|Any CPU
		{3F3FE01E-AB86-48D2-B998-0A344443C7E9}.Release|Any CPU.ActiveCfg = Release|Any CPU
		{3F3FE01E-AB86-48D2-B998-0A344443C7E9}.Release|Any CPU.Build.0 = Release|Any CPU
		{4E2DB876-FB8B-4C0D-808E-A2569958D15F}.Debug|Any CPU.ActiveCfg = Debug|Any CPU
		{4E2DB876-FB8B-4C0D-808E-A2569958D15F}.Debug|Any CPU.Build.0 = Debug|Any CPU
		{4E2DB876-FB8B-4C0D-808E-A2569958D15F}.Release|Any CPU.ActiveCfg = Release|Any CPU
		{4E2DB876-FB8B-4C0D-808E-A2569958D15F}.Release|Any CPU.Build.0 = Release|Any CPU
		{AE0B541B-F82D-4BAE-8173-F328B1CBC144}.Debug|Any CPU.ActiveCfg = Debug|Any CPU
		{AE0B541B-F82D-4BAE-8173-F328B1CBC144}.Debug|Any CPU.Build.0 = Debug|Any CPU
		{AE0B541B-F82D-4BAE-8173-F328B1CBC144}.Release|Any CPU.ActiveCfg = Release|Any CPU
		{AE0B541B-F82D-4BAE-8173-F328B1CBC144}.Release|Any CPU.Build.0 = Release|Any CPU
		{8F23F85F-6785-4762-871F-A1C5D6155FDE}.Debug|Any CPU.ActiveCfg = Debug|Any CPU
		{8F23F85F-6785-4762-871F-A1C5D6155FDE}.Debug|Any CPU.Build.0 = Debug|Any CPU
		{8F23F85F-6785-4762-871F-A1C5D6155FDE}.Release|Any CPU.ActiveCfg = Release|Any CPU
		{8F23F85F-6785-4762-871F-A1C5D6155FDE}.Release|Any CPU.Build.0 = Release|Any CPU
	EndGlobalSection
	GlobalSection(SolutionProperties) = preSolution
		HideSolutionNode = FALSE
	EndGlobalSection
	GlobalSection(ExtensibilityGlobals) = postSolution
		SolutionGuid = {05B7A7A7-6E1C-46BA-9BA8-F20978ABABC2}
	EndGlobalSection
EndGlobal
